
Microsoft Visual Studio Solution File, Format Version 12.00
# Visual Studio Version 16
VisualStudioVersion = 16.0.29306.81
MinimumVisualStudioVersion = 10.0.40219.1
Project("{FAE04EC0-301F-11D3-BF4B-00C04F79EFBC}") = "Biblioteca", "Biblioteca\Biblioteca.csproj", "{5BDBE1C3-9630-46BE-891E-630D7E8CFC9E}"
EndProject
Project("{FAE04EC0-301F-11D3-BF4B-00C04F79EFBC}") = "AccesoDatos", "AccesoDatos\AccesoDatos.csproj", "{3C686E07-3F2B-4FE4-BADD-BC406B78CFE3}"
EndProject
Project("{FAE04EC0-301F-11D3-BF4B-00C04F79EFBC}") = "UWP", "UWP\UWP.csproj", "{DBB18DB8-1B3C-4C46-BD7F-2DC6BD68E886}"
EndProject
Project("{FAE04EC0-301F-11D3-BF4B-00C04F79EFBC}") = "ASP", "ASP\ASP.csproj", "{7AC13B39-05D6-4117-8A8C-44F926B73419}"
EndProject
Global
	GlobalSection(SolutionConfigurationPlatforms) = preSolution
		Debug|Any CPU = Debug|Any CPU
		Debug|ARM = Debug|ARM
		Debug|ARM64 = Debug|ARM64
		Debug|x64 = Debug|x64
		Debug|x86 = Debug|x86
		Release|Any CPU = Release|Any CPU
		Release|ARM = Release|ARM
		Release|ARM64 = Release|ARM64
		Release|x64 = Release|x64
		Release|x86 = Release|x86
	EndGlobalSection
	GlobalSection(ProjectConfigurationPlatforms) = postSolution
		{5BDBE1C3-9630-46BE-891E-630D7E8CFC9E}.Debug|Any CPU.ActiveCfg = Debug|Any CPU
		{5BDBE1C3-9630-46BE-891E-630D7E8CFC9E}.Debug|Any CPU.Build.0 = Debug|Any CPU
		{5BDBE1C3-9630-46BE-891E-630D7E8CFC9E}.Debug|ARM.ActiveCfg = Debug|Any CPU
		{5BDBE1C3-9630-46BE-891E-630D7E8CFC9E}.Debug|ARM.Build.0 = Debug|Any CPU
		{5BDBE1C3-9630-46BE-891E-630D7E8CFC9E}.Debug|ARM64.ActiveCfg = Debug|Any CPU
		{5BDBE1C3-9630-46BE-891E-630D7E8CFC9E}.Debug|ARM64.Build.0 = Debug|Any CPU
		{5BDBE1C3-9630-46BE-891E-630D7E8CFC9E}.Debug|x64.ActiveCfg = Debug|Any CPU
		{5BDBE1C3-9630-46BE-891E-630D7E8CFC9E}.Debug|x64.Build.0 = Debug|Any CPU
		{5BDBE1C3-9630-46BE-891E-630D7E8CFC9E}.Debug|x86.ActiveCfg = Debug|Any CPU
		{5BDBE1C3-9630-46BE-891E-630D7E8CFC9E}.Debug|x86.Build.0 = Debug|Any CPU
		{5BDBE1C3-9630-46BE-891E-630D7E8CFC9E}.Release|Any CPU.ActiveCfg = Release|Any CPU
		{5BDBE1C3-9630-46BE-891E-630D7E8CFC9E}.Release|Any CPU.Build.0 = Release|Any CPU
		{5BDBE1C3-9630-46BE-891E-630D7E8CFC9E}.Release|ARM.ActiveCfg = Release|Any CPU
		{5BDBE1C3-9630-46BE-891E-630D7E8CFC9E}.Release|ARM.Build.0 = Release|Any CPU
		{5BDBE1C3-9630-46BE-891E-630D7E8CFC9E}.Release|ARM64.ActiveCfg = Release|Any CPU
		{5BDBE1C3-9630-46BE-891E-630D7E8CFC9E}.Release|ARM64.Build.0 = Release|Any CPU
		{5BDBE1C3-9630-46BE-891E-630D7E8CFC9E}.Release|x64.ActiveCfg = Release|Any CPU
		{5BDBE1C3-9630-46BE-891E-630D7E8CFC9E}.Release|x64.Build.0 = Release|Any CPU
		{5BDBE1C3-9630-46BE-891E-630D7E8CFC9E}.Release|x86.ActiveCfg = Release|Any CPU
		{5BDBE1C3-9630-46BE-891E-630D7E8CFC9E}.Release|x86.Build.0 = Release|Any CPU
		{3C686E07-3F2B-4FE4-BADD-BC406B78CFE3}.Debug|Any CPU.ActiveCfg = Debug|Any CPU
		{3C686E07-3F2B-4FE4-BADD-BC406B78CFE3}.Debug|Any CPU.Build.0 = Debug|Any CPU
		{3C686E07-3F2B-4FE4-BADD-BC406B78CFE3}.Debug|ARM.ActiveCfg = Debug|Any CPU
		{3C686E07-3F2B-4FE4-BADD-BC406B78CFE3}.Debug|ARM.Build.0 = Debug|Any CPU
		{3C686E07-3F2B-4FE4-BADD-BC406B78CFE3}.Debug|ARM64.ActiveCfg = Debug|Any CPU
		{3C686E07-3F2B-4FE4-BADD-BC406B78CFE3}.Debug|ARM64.Build.0 = Debug|Any CPU
		{3C686E07-3F2B-4FE4-BADD-BC406B78CFE3}.Debug|x64.ActiveCfg = Debug|Any CPU
		{3C686E07-3F2B-4FE4-BADD-BC406B78CFE3}.Debug|x64.Build.0 = Debug|Any CPU
		{3C686E07-3F2B-4FE4-BADD-BC406B78CFE3}.Debug|x86.ActiveCfg = Debug|Any CPU
		{3C686E07-3F2B-4FE4-BADD-BC406B78CFE3}.Debug|x86.Build.0 = Debug|Any CPU
		{3C686E07-3F2B-4FE4-BADD-BC406B78CFE3}.Release|Any CPU.ActiveCfg = Release|Any CPU
		{3C686E07-3F2B-4FE4-BADD-BC406B78CFE3}.Release|Any CPU.Build.0 = Release|Any CPU
		{3C686E07-3F2B-4FE4-BADD-BC406B78CFE3}.Release|ARM.ActiveCfg = Release|Any CPU
		{3C686E07-3F2B-4FE4-BADD-BC406B78CFE3}.Release|ARM.Build.0 = Release|Any CPU
		{3C686E07-3F2B-4FE4-BADD-BC406B78CFE3}.Release|ARM64.ActiveCfg = Release|Any CPU
		{3C686E07-3F2B-4FE4-BADD-BC406B78CFE3}.Release|ARM64.Build.0 = Release|Any CPU
		{3C686E07-3F2B-4FE4-BADD-BC406B78CFE3}.Release|x64.ActiveCfg = Release|Any CPU
		{3C686E07-3F2B-4FE4-BADD-BC406B78CFE3}.Release|x64.Build.0 = Release|Any CPU
		{3C686E07-3F2B-4FE4-BADD-BC406B78CFE3}.Release|x86.ActiveCfg = Release|Any CPU
		{3C686E07-3F2B-4FE4-BADD-BC406B78CFE3}.Release|x86.Build.0 = Release|Any CPU
		{DBB18DB8-1B3C-4C46-BD7F-2DC6BD68E886}.Debug|Any CPU.ActiveCfg = Debug|x86
		{DBB18DB8-1B3C-4C46-BD7F-2DC6BD68E886}.Debug|ARM.ActiveCfg = Debug|ARM
		{DBB18DB8-1B3C-4C46-BD7F-2DC6BD68E886}.Debug|ARM.Build.0 = Debug|ARM
		{DBB18DB8-1B3C-4C46-BD7F-2DC6BD68E886}.Debug|ARM.Deploy.0 = Debug|ARM
		{DBB18DB8-1B3C-4C46-BD7F-2DC6BD68E886}.Debug|ARM64.ActiveCfg = Debug|ARM64
		{DBB18DB8-1B3C-4C46-BD7F-2DC6BD68E886}.Debug|ARM64.Build.0 = Debug|ARM64
		{DBB18DB8-1B3C-4C46-BD7F-2DC6BD68E886}.Debug|ARM64.Deploy.0 = Debug|ARM64
		{DBB18DB8-1B3C-4C46-BD7F-2DC6BD68E886}.Debug|x64.ActiveCfg = Debug|x64
		{DBB18DB8-1B3C-4C46-BD7F-2DC6BD68E886}.Debug|x64.Build.0 = Debug|x64
		{DBB18DB8-1B3C-4C46-BD7F-2DC6BD68E886}.Debug|x64.Deploy.0 = Debug|x64
		{DBB18DB8-1B3C-4C46-BD7F-2DC6BD68E886}.Debug|x86.ActiveCfg = Debug|x86
		{DBB18DB8-1B3C-4C46-BD7F-2DC6BD68E886}.Debug|x86.Build.0 = Debug|x86
		{DBB18DB8-1B3C-4C46-BD7F-2DC6BD68E886}.Debug|x86.Deploy.0 = Debug|x86
		{DBB18DB8-1B3C-4C46-BD7F-2DC6BD68E886}.Release|Any CPU.ActiveCfg = Release|x86
		{DBB18DB8-1B3C-4C46-BD7F-2DC6BD68E886}.Release|ARM.ActiveCfg = Release|ARM
		{DBB18DB8-1B3C-4C46-BD7F-2DC6BD68E886}.Release|ARM.Build.0 = Release|ARM
		{DBB18DB8-1B3C-4C46-BD7F-2DC6BD68E886}.Release|ARM.Deploy.0 = Release|ARM
		{DBB18DB8-1B3C-4C46-BD7F-2DC6BD68E886}.Release|ARM64.ActiveCfg = Release|ARM64
		{DBB18DB8-1B3C-4C46-BD7F-2DC6BD68E886}.Release|ARM64.Build.0 = Release|ARM64
		{DBB18DB8-1B3C-4C46-BD7F-2DC6BD68E886}.Release|ARM64.Deploy.0 = Release|ARM64
		{DBB18DB8-1B3C-4C46-BD7F-2DC6BD68E886}.Release|x64.ActiveCfg = Release|x64
		{DBB18DB8-1B3C-4C46-BD7F-2DC6BD68E886}.Release|x64.Build.0 = Release|x64
		{DBB18DB8-1B3C-4C46-BD7F-2DC6BD68E886}.Release|x64.Deploy.0 = Release|x64
		{DBB18DB8-1B3C-4C46-BD7F-2DC6BD68E886}.Release|x86.ActiveCfg = Release|x86
		{DBB18DB8-1B3C-4C46-BD7F-2DC6BD68E886}.Release|x86.Build.0 = Release|x86
		{DBB18DB8-1B3C-4C46-BD7F-2DC6BD68E886}.Release|x86.Deploy.0 = Release|x86
		{7AC13B39-05D6-4117-8A8C-44F926B73419}.Debug|Any CPU.ActiveCfg = Debug|Any CPU
		{7AC13B39-05D6-4117-8A8C-44F926B73419}.Debug|Any CPU.Build.0 = Debug|Any CPU
		{7AC13B39-05D6-4117-8A8C-44F926B73419}.Debug|ARM.ActiveCfg = Debug|Any CPU
		{7AC13B39-05D6-4117-8A8C-44F926B73419}.Debug|ARM.Build.0 = Debug|Any CPU
		{7AC13B39-05D6-4117-8A8C-44F926B73419}.Debug|ARM64.ActiveCfg = Debug|Any CPU
		{7AC13B39-05D6-4117-8A8C-44F926B73419}.Debug|ARM64.Build.0 = Debug|Any CPU
		{7AC13B39-05D6-4117-8A8C-44F926B73419}.Debug|x64.ActiveCfg = Debug|Any CPU
		{7AC13B39-05D6-4117-8A8C-44F926B73419}.Debug|x64.Build.0 = Debug|Any CPU
		{7AC13B39-05D6-4117-8A8C-44F926B73419}.Debug|x86.ActiveCfg = Debug|Any CPU
		{7AC13B39-05D6-4117-8A8C-44F926B73419}.Debug|x86.Build.0 = Debug|Any CPU
		{7AC13B39-05D6-4117-8A8C-44F926B73419}.Release|Any CPU.ActiveCfg = Release|Any CPU
		{7AC13B39-05D6-4117-8A8C-44F926B73419}.Release|Any CPU.Build.0 = Release|Any CPU
		{7AC13B39-05D6-4117-8A8C-44F926B73419}.Release|ARM.ActiveCfg = Release|Any CPU
		{7AC13B39-05D6-4117-8A8C-44F926B73419}.Release|ARM.Build.0 = Release|Any CPU
		{7AC13B39-05D6-4117-8A8C-44F926B73419}.Release|ARM64.ActiveCfg = Release|Any CPU
		{7AC13B39-05D6-4117-8A8C-44F926B73419}.Release|ARM64.Build.0 = Release|Any CPU
		{7AC13B39-05D6-4117-8A8C-44F926B73419}.Release|x64.ActiveCfg = Release|Any CPU
		{7AC13B39-05D6-4117-8A8C-44F926B73419}.Release|x64.Build.0 = Release|Any CPU
		{7AC13B39-05D6-4117-8A8C-44F926B73419}.Release|x86.ActiveCfg = Release|Any CPU
		{7AC13B39-05D6-4117-8A8C-44F926B73419}.Release|x86.Build.0 = Release|Any CPU
	EndGlobalSection
	GlobalSection(SolutionProperties) = preSolution
		HideSolutionNode = FALSE
	EndGlobalSection
	GlobalSection(ExtensibilityGlobals) = postSolution
		SolutionGuid = {F3E7BFBB-E3E4-47DD-B583-2DAC97653B2B}
	EndGlobalSection
EndGlobal
